
Microsoft Visual Studio Solution File, Format Version 12.00
# Visual Studio 15
VisualStudioVersion = 15.0.27130.2020
MinimumVisualStudioVersion = 10.0.40219.1
Project("{8BC9CEB8-8B4A-11D0-8D11-00A0C91BC942}") = "acrsoft_face", "acrsoft_face\acrsoft_face.vcxproj", "{F3CCAA4B-D37B-4D8E-9778-BF30C902ACA8}"
	ProjectSection(ProjectDependencies) = postProject
		{D76FDE92-3CC5-45DC-9BC6-47A8073312E0} = {D76FDE92-3CC5-45DC-9BC6-47A8073312E0}
	EndProjectSection
EndProject
Project("{8BC9CEB8-8B4A-11D0-8D11-00A0C91BC942}") = "dlltest", "dlltest\dlltest.vcxproj", "{F9327084-26DD-478D-8AD6-60B68E424894}"
	ProjectSection(ProjectDependencies) = postProject
		{F3CCAA4B-D37B-4D8E-9778-BF30C902ACA8} = {F3CCAA4B-D37B-4D8E-9778-BF30C902ACA8}
		{D76FDE92-3CC5-45DC-9BC6-47A8073312E0} = {D76FDE92-3CC5-45DC-9BC6-47A8073312E0}
	EndProjectSection
EndProject
Project("{8BC9CEB8-8B4A-11D0-8D11-00A0C91BC942}") = "FaceDetection", "FaceDetection\FaceDetection.vcxproj", "{D76FDE92-3CC5-45DC-9BC6-47A8073312E0}"
EndProject
Global
	GlobalSection(SolutionConfigurationPlatforms) = preSolution
		Debug|x64 = Debug|x64
		Debug|x86 = Debug|x86
		Release|x64 = Release|x64
		Release|x86 = Release|x86
	EndGlobalSection
	GlobalSection(ProjectConfigurationPlatforms) = postSolution
		{F3CCAA4B-D37B-4D8E-9778-BF30C902ACA8}.Debug|x64.ActiveCfg = Debug|x64
		{F3CCAA4B-D37B-4D8E-9778-BF30C902ACA8}.Debug|x64.Build.0 = Debug|x64
		{F3CCAA4B-D37B-4D8E-9778-BF30C902ACA8}.Debug|x86.ActiveCfg = Debug|Win32
		{F3CCAA4B-D37B-4D8E-9778-BF30C902ACA8}.Debug|x86.Build.0 = Debug|Win32
		{F3CCAA4B-D37B-4D8E-9778-BF30C902ACA8}.Release|x64.ActiveCfg = Release|x64
		{F3CCAA4B-D37B-4D8E-9778-BF30C902ACA8}.Release|x64.Build.0 = Release|x64
		{F3CCAA4B-D37B-4D8E-9778-BF30C902ACA8}.Release|x86.ActiveCfg = Release|Win32
		{F3CCAA4B-D37B-4D8E-9778-BF30C902ACA8}.Release|x86.Build.0 = Release|Win32
		{F9327084-26DD-478D-8AD6-60B68E424894}.Debug|x64.ActiveCfg = Debug|x64
		{F9327084-26DD-478D-8AD6-60B68E424894}.Debug|x64.Build.0 = Debug|x64
		{F9327084-26DD-478D-8AD6-60B68E424894}.Debug|x86.ActiveCfg = Debug|Win32
		{F9327084-26DD-478D-8AD6-60B68E424894}.Debug|x86.Build.0 = Debug|Win32
		{F9327084-26DD-478D-8AD6-60B68E424894}.Release|x64.ActiveCfg = Release|x64
		{F9327084-26DD-478D-8AD6-60B68E424894}.Release|x64.Build.0 = Release|x64
		{F9327084-26DD-478D-8AD6-60B68E424894}.Release|x86.ActiveCfg = Release|Win32
		{F9327084-26DD-478D-8AD6-60B68E424894}.Release|x86.Build.0 = Release|Win32
		{D76FDE92-3CC5-45DC-9BC6-47A8073312E0}.Debug|x64.ActiveCfg = Debug|x64
		{D76FDE92-3CC5-45DC-9BC6-47A8073312E0}.Debug|x64.Build.0 = Debug|x64
		{D76FDE92-3CC5-45DC-9BC6-47A8073312E0}.Debug|x86.ActiveCfg = Debug|Win32
		{D76FDE92-3CC5-45DC-9BC6-47A8073312E0}.Debug|x86.Build.0 = Debug|Win32
		{D76FDE92-3CC5-45DC-9BC6-47A8073312E0}.Release|x64.ActiveCfg = Release|x64
		{D76FDE92-3CC5-45DC-9BC6-47A8073312E0}.Release|x64.Build.0 = Release|x64
		{D76FDE92-3CC5-45DC-9BC6-47A8073312E0}.Release|x86.ActiveCfg = Release|Win32
		{D76FDE92-3CC5-45DC-9BC6-47A8073312E0}.Release|x86.Build.0 = Release|Win32
	EndGlobalSection
	GlobalSection(SolutionProperties) = preSolution
		HideSolutionNode = FALSE
	EndGlobalSection
	GlobalSection(ExtensibilityGlobals) = postSolution
		SolutionGuid = {7F79090C-7FE8-4515-85DF-823B638A573F}
	EndGlobalSection
EndGlobal
